// !$*UTF8*$!
{
	archiveVersion = 1;
	classes = {
	};
	objectVersion = 46;
	objects = {

/* Begin PBXBuildFile section */
		42EA594D1A2F13A500C0DD80 /* AppDelegate.swift in Sources */ = {isa = PBXBuildFile; fileRef = 42EA594C1A2F13A500C0DD80 /* AppDelegate.swift */; };
		42EA594F1A2F13A500C0DD80 /* ViewController.swift in Sources */ = {isa = PBXBuildFile; fileRef = 42EA594E1A2F13A500C0DD80 /* ViewController.swift */; };
		42EA59521A2F13A500C0DD80 /* Main.storyboard in Resources */ = {isa = PBXBuildFile; fileRef = 42EA59501A2F13A500C0DD80 /* Main.storyboard */; };
		42EA59541A2F13A500C0DD80 /* Images.xcassets in Resources */ = {isa = PBXBuildFile; fileRef = 42EA59531A2F13A500C0DD80 /* Images.xcassets */; };
		42EA59571A2F13A500C0DD80 /* LaunchScreen.xib in Resources */ = {isa = PBXBuildFile; fileRef = 42EA59551A2F13A500C0DD80 /* LaunchScreen.xib */; };
		42EA59731A2F150E00C0DD80 /* WatchKit.framework in Frameworks */ = {isa = PBXBuildFile; fileRef = 42EA59721A2F150E00C0DD80 /* WatchKit.framework */; };
		42EA59781A2F150E00C0DD80 /* InterfaceController.swift in Sources */ = {isa = PBXBuildFile; fileRef = 42EA59771A2F150E00C0DD80 /* InterfaceController.swift */; };
		42EA597A1A2F150E00C0DD80 /* GlanceController.swift in Sources */ = {isa = PBXBuildFile; fileRef = 42EA59791A2F150E00C0DD80 /* GlanceController.swift */; };
		42EA597C1A2F150E00C0DD80 /* Images.xcassets in Resources */ = {isa = PBXBuildFile; fileRef = 42EA597B1A2F150E00C0DD80 /* Images.xcassets */; };
		42EA59801A2F150E00C0DD80 /* XebiaSki Watch App.app in Resources */ = {isa = PBXBuildFile; fileRef = 42EA597F1A2F150E00C0DD80 /* XebiaSki Watch App.app */; };
		42EA59871A2F150E00C0DD80 /* Interface.storyboard in Resources */ = {isa = PBXBuildFile; fileRef = 42EA59861A2F150E00C0DD80 /* Interface.storyboard */; };
		42EA59891A2F150E00C0DD80 /* Images.xcassets in Resources */ = {isa = PBXBuildFile; fileRef = 42EA59881A2F150E00C0DD80 /* Images.xcassets */; };
		42EA598C1A2F150E00C0DD80 /* XebiaSki WatchKit Extension.appex in Embed App Extensions */ = {isa = PBXBuildFile; fileRef = 42EA59701A2F150E00C0DD80 /* XebiaSki WatchKit Extension.appex */; settings = {ATTRIBUTES = (RemoveHeadersOnCopy, ); }; };
/* End PBXBuildFile section */

/* Begin PBXContainerItemProxy section */
		42EA59811A2F150E00C0DD80 /* PBXContainerItemProxy */ = {
			isa = PBXContainerItemProxy;
			containerPortal = 42EA593F1A2F13A400C0DD80 /* Project object */;
			proxyType = 1;
			remoteGlobalIDString = 42EA597E1A2F150E00C0DD80;
			remoteInfo = "XebiaSki Watch App";
		};
		42EA598A1A2F150E00C0DD80 /* PBXContainerItemProxy */ = {
			isa = PBXContainerItemProxy;
			containerPortal = 42EA593F1A2F13A400C0DD80 /* Project object */;
			proxyType = 1;
			remoteGlobalIDString = 42EA596F1A2F150E00C0DD80;
			remoteInfo = "XebiaSki WatchKit Extension";
		};
/* End PBXContainerItemProxy section */

/* Begin PBXCopyFilesBuildPhase section */
		42EA59931A2F150E00C0DD80 /* Embed App Extensions */ = {
			isa = PBXCopyFilesBuildPhase;
			buildActionMask = 2147483647;
			dstPath = "";
			dstSubfolderSpec = 13;
			files = (
				42EA598C1A2F150E00C0DD80 /* XebiaSki WatchKit Extension.appex in Embed App Extensions */,
			);
			name = "Embed App Extensions";
			runOnlyForDeploymentPostprocessing = 0;
		};
/* End PBXCopyFilesBuildPhase section */

/* Begin PBXFileReference section */
		42EA59471A2F13A500C0DD80 /* XebiaSki.app */ = {isa = PBXFileReference; explicitFileType = wrapper.application; includeInIndex = 0; path = XebiaSki.app; sourceTree = BUILT_PRODUCTS_DIR; };
		42EA594B1A2F13A500C0DD80 /* Info.plist */ = {isa = PBXFileReference; lastKnownFileType = text.plist.xml; path = Info.plist; sourceTree = "<group>"; };
		42EA594C1A2F13A500C0DD80 /* AppDelegate.swift */ = {isa = PBXFileReference; lastKnownFileType = sourcecode.swift; path = AppDelegate.swift; sourceTree = "<group>"; };
		42EA594E1A2F13A500C0DD80 /* ViewController.swift */ = {isa = PBXFileReference; lastKnownFileType = sourcecode.swift; path = ViewController.swift; sourceTree = "<group>"; };
		42EA59511A2F13A500C0DD80 /* Base */ = {isa = PBXFileReference; lastKnownFileType = file.storyboard; name = Base; path = Base.lproj/Main.storyboard; sourceTree = "<group>"; };
		42EA59531A2F13A500C0DD80 /* Images.xcassets */ = {isa = PBXFileReference; lastKnownFileType = folder.assetcatalog; path = Images.xcassets; sourceTree = "<group>"; };
		42EA59561A2F13A500C0DD80 /* Base */ = {isa = PBXFileReference; lastKnownFileType = file.xib; name = Base; path = Base.lproj/LaunchScreen.xib; sourceTree = "<group>"; };
		42EA59701A2F150E00C0DD80 /* XebiaSki WatchKit Extension.appex */ = {isa = PBXFileReference; explicitFileType = "wrapper.app-extension"; includeInIndex = 0; path = "XebiaSki WatchKit Extension.appex"; sourceTree = BUILT_PRODUCTS_DIR; };
		42EA59721A2F150E00C0DD80 /* WatchKit.framework */ = {isa = PBXFileReference; lastKnownFileType = wrapper.framework; name = WatchKit.framework; path = System/Library/Frameworks/WatchKit.framework; sourceTree = SDKROOT; };
		42EA59761A2F150E00C0DD80 /* Info.plist */ = {isa = PBXFileReference; lastKnownFileType = text.plist.xml; path = Info.plist; sourceTree = "<group>"; };
		42EA59771A2F150E00C0DD80 /* InterfaceController.swift */ = {isa = PBXFileReference; lastKnownFileType = sourcecode.swift; path = InterfaceController.swift; sourceTree = "<group>"; };
		42EA59791A2F150E00C0DD80 /* GlanceController.swift */ = {isa = PBXFileReference; lastKnownFileType = sourcecode.swift; path = GlanceController.swift; sourceTree = "<group>"; };
		42EA597B1A2F150E00C0DD80 /* Images.xcassets */ = {isa = PBXFileReference; lastKnownFileType = folder.assetcatalog; path = Images.xcassets; sourceTree = "<group>"; };
		42EA597F1A2F150E00C0DD80 /* XebiaSki Watch App.app */ = {isa = PBXFileReference; explicitFileType = wrapper.application; includeInIndex = 0; path = "XebiaSki Watch App.app"; sourceTree = BUILT_PRODUCTS_DIR; };
		42EA59851A2F150E00C0DD80 /* Info.plist */ = {isa = PBXFileReference; lastKnownFileType = text.plist.xml; path = Info.plist; sourceTree = "<group>"; };
		42EA59861A2F150E00C0DD80 /* Interface.storyboard */ = {isa = PBXFileReference; lastKnownFileType = file.storyboard; path = Interface.storyboard; sourceTree = "<group>"; };
		42EA59881A2F150E00C0DD80 /* Images.xcassets */ = {isa = PBXFileReference; lastKnownFileType = folder.assetcatalog; path = Images.xcassets; sourceTree = "<group>"; };
/* End PBXFileReference section */

/* Begin PBXFrameworksBuildPhase section */
		42EA59441A2F13A500C0DD80 /* Frameworks */ = {
			isa = PBXFrameworksBuildPhase;
			buildActionMask = 2147483647;
			files = (
			);
			runOnlyForDeploymentPostprocessing = 0;
		};
		42EA596D1A2F150E00C0DD80 /* Frameworks */ = {
			isa = PBXFrameworksBuildPhase;
			buildActionMask = 2147483647;
			files = (
				42EA59731A2F150E00C0DD80 /* WatchKit.framework in Frameworks */,
			);
			runOnlyForDeploymentPostprocessing = 0;
		};
/* End PBXFrameworksBuildPhase section */

/* Begin PBXGroup section */
		42EA593E1A2F13A400C0DD80 = {
			isa = PBXGroup;
			children = (
				42EA59491A2F13A500C0DD80 /* XebiaSki */,
				42EA59741A2F150E00C0DD80 /* XebiaSki WatchKit Extension */,
				42EA59831A2F150E00C0DD80 /* XebiaSki Watch App */,
				42EA59711A2F150E00C0DD80 /* Frameworks */,
				42EA59481A2F13A500C0DD80 /* Products */,
			);
			sourceTree = "<group>";
		};
		42EA59481A2F13A500C0DD80 /* Products */ = {
			isa = PBXGroup;
			children = (
				42EA59471A2F13A500C0DD80 /* XebiaSki.app */,
				42EA59701A2F150E00C0DD80 /* XebiaSki WatchKit Extension.appex */,
				42EA597F1A2F150E00C0DD80 /* XebiaSki Watch App.app */,
			);
			name = Products;
			sourceTree = "<group>";
		};
		42EA59491A2F13A500C0DD80 /* XebiaSki */ = {
			isa = PBXGroup;
			children = (
				42EA594C1A2F13A500C0DD80 /* AppDelegate.swift */,
				42EA594E1A2F13A500C0DD80 /* ViewController.swift */,
				42EA59501A2F13A500C0DD80 /* Main.storyboard */,
				42EA59531A2F13A500C0DD80 /* Images.xcassets */,
				42EA59551A2F13A500C0DD80 /* LaunchScreen.xib */,
				42EA594A1A2F13A500C0DD80 /* Supporting Files */,
			);
			path = XebiaSki;
			sourceTree = "<group>";
		};
		42EA594A1A2F13A500C0DD80 /* Supporting Files */ = {
			isa = PBXGroup;
			children = (
				42EA594B1A2F13A500C0DD80 /* Info.plist */,
			);
			name = "Supporting Files";
			sourceTree = "<group>";
		};
		42EA59711A2F150E00C0DD80 /* Frameworks */ = {
			isa = PBXGroup;
			children = (
				42EA59721A2F150E00C0DD80 /* WatchKit.framework */,
			);
			name = Frameworks;
			sourceTree = "<group>";
		};
		42EA59741A2F150E00C0DD80 /* XebiaSki WatchKit Extension */ = {
			isa = PBXGroup;
			children = (
				42EA59771A2F150E00C0DD80 /* InterfaceController.swift */,
				42EA59791A2F150E00C0DD80 /* GlanceController.swift */,
				42EA597B1A2F150E00C0DD80 /* Images.xcassets */,
				42EA59751A2F150E00C0DD80 /* Supporting Files */,
			);
			path = "XebiaSki WatchKit Extension";
			sourceTree = "<group>";
		};
		42EA59751A2F150E00C0DD80 /* Supporting Files */ = {
			isa = PBXGroup;
			children = (
				42EA59761A2F150E00C0DD80 /* Info.plist */,
			);
			name = "Supporting Files";
			sourceTree = "<group>";
		};
		42EA59831A2F150E00C0DD80 /* XebiaSki Watch App */ = {
			isa = PBXGroup;
			children = (
				42EA59861A2F150E00C0DD80 /* Interface.storyboard */,
				42EA59881A2F150E00C0DD80 /* Images.xcassets */,
				42EA59841A2F150E00C0DD80 /* Supporting Files */,
			);
			path = "XebiaSki Watch App";
			sourceTree = "<group>";
		};
		42EA59841A2F150E00C0DD80 /* Supporting Files */ = {
			isa = PBXGroup;
			children = (
				42EA59851A2F150E00C0DD80 /* Info.plist */,
			);
			name = "Supporting Files";
			sourceTree = "<group>";
		};
/* End PBXGroup section */

/* Begin PBXNativeTarget section */
		42EA59461A2F13A500C0DD80 /* XebiaSki */ = {
			isa = PBXNativeTarget;
			buildConfigurationList = 42EA59661A2F13A500C0DD80 /* Build configuration list for PBXNativeTarget "XebiaSki" */;
			buildPhases = (
				42EA59431A2F13A500C0DD80 /* Sources */,
				42EA59441A2F13A500C0DD80 /* Frameworks */,
				42EA59451A2F13A500C0DD80 /* Resources */,
				42EA59931A2F150E00C0DD80 /* Embed App Extensions */,
			);
			buildRules = (
			);
			dependencies = (
				42EA598B1A2F150E00C0DD80 /* PBXTargetDependency */,
			);
			name = XebiaSki;
			productName = XebiaSki;
			productReference = 42EA59471A2F13A500C0DD80 /* XebiaSki.app */;
			productType = "com.apple.product-type.application";
		};
		42EA596F1A2F150E00C0DD80 /* XebiaSki WatchKit Extension */ = {
			isa = PBXNativeTarget;
			buildConfigurationList = 42EA59901A2F150E00C0DD80 /* Build configuration list for PBXNativeTarget "XebiaSki WatchKit Extension" */;
			buildPhases = (
				42EA596C1A2F150E00C0DD80 /* Sources */,
				42EA596D1A2F150E00C0DD80 /* Frameworks */,
				42EA596E1A2F150E00C0DD80 /* Resources */,
			);
			buildRules = (
			);
			dependencies = (
				42EA59821A2F150E00C0DD80 /* PBXTargetDependency */,
			);
			name = "XebiaSki WatchKit Extension";
			productName = "XebiaSki WatchKit Extension";
			productReference = 42EA59701A2F150E00C0DD80 /* XebiaSki WatchKit Extension.appex */;
			productType = "com.apple.product-type.watchkit-extension";
		};
		42EA597E1A2F150E00C0DD80 /* XebiaSki Watch App */ = {
			isa = PBXNativeTarget;
			buildConfigurationList = 42EA598D1A2F150E00C0DD80 /* Build configuration list for PBXNativeTarget "XebiaSki Watch App" */;
			buildPhases = (
				42EA597D1A2F150E00C0DD80 /* Resources */,
			);
			buildRules = (
			);
			dependencies = (
			);
			name = "XebiaSki Watch App";
			productName = "XebiaSki Watch App";
			productReference = 42EA597F1A2F150E00C0DD80 /* XebiaSki Watch App.app */;
			productType = "com.apple.product-type.application.watchapp";
		};
/* End PBXNativeTarget section */

/* Begin PBXProject section */
		42EA593F1A2F13A400C0DD80 /* Project object */ = {
			isa = PBXProject;
			attributes = {
				LastUpgradeCheck = 0620;
				ORGANIZATIONNAME = "Xebia IT Architechts";
				TargetAttributes = {
					42EA59461A2F13A500C0DD80 = {
						CreatedOnToolsVersion = 6.2;
					};
					42EA596F1A2F150E00C0DD80 = {
						CreatedOnToolsVersion = 6.2;
					};
					42EA597E1A2F150E00C0DD80 = {
						CreatedOnToolsVersion = 6.2;
					};
				};
			};
			buildConfigurationList = 42EA59421A2F13A500C0DD80 /* Build configuration list for PBXProject "XebiaSki" */;
			compatibilityVersion = "Xcode 3.2";
			developmentRegion = English;
			hasScannedForEncodings = 0;
			knownRegions = (
				en,
				Base,
			);
			mainGroup = 42EA593E1A2F13A400C0DD80;
			productRefGroup = 42EA59481A2F13A500C0DD80 /* Products */;
			projectDirPath = "";
			projectRoot = "";
			targets = (
				42EA59461A2F13A500C0DD80 /* XebiaSki */,
				42EA596F1A2F150E00C0DD80 /* XebiaSki WatchKit Extension */,
				42EA597E1A2F150E00C0DD80 /* XebiaSki Watch App */,
			);
		};
/* End PBXProject section */

/* Begin PBXResourcesBuildPhase section */
		42EA59451A2F13A500C0DD80 /* Resources */ = {
			isa = PBXResourcesBuildPhase;
			buildActionMask = 2147483647;
			files = (
				42EA59521A2F13A500C0DD80 /* Main.storyboard in Resources */,
				42EA59571A2F13A500C0DD80 /* LaunchScreen.xib in Resources */,
				42EA59541A2F13A500C0DD80 /* Images.xcassets in Resources */,
			);
			runOnlyForDeploymentPostprocessing = 0;
		};
		42EA596E1A2F150E00C0DD80 /* Resources */ = {
			isa = PBXResourcesBuildPhase;
			buildActionMask = 2147483647;
			files = (
				42EA597C1A2F150E00C0DD80 /* Images.xcassets in Resources */,
				42EA59801A2F150E00C0DD80 /* XebiaSki Watch App.app in Resources */,
			);
			runOnlyForDeploymentPostprocessing = 0;
		};
		42EA597D1A2F150E00C0DD80 /* Resources */ = {
			isa = PBXResourcesBuildPhase;
			buildActionMask = 2147483647;
			files = (
				42EA59871A2F150E00C0DD80 /* Interface.storyboard in Resources */,
				42EA59891A2F150E00C0DD80 /* Images.xcassets in Resources */,
			);
			runOnlyForDeploymentPostprocessing = 0;
		};
/* End PBXResourcesBuildPhase section */

/* Begin PBXSourcesBuildPhase section */
		42EA59431A2F13A500C0DD80 /* Sources */ = {
			isa = PBXSourcesBuildPhase;
			buildActionMask = 2147483647;
			files = (
				42EA594F1A2F13A500C0DD80 /* ViewController.swift in Sources */,
				42EA594D1A2F13A500C0DD80 /* AppDelegate.swift in Sources */,
			);
			runOnlyForDeploymentPostprocessing = 0;
		};
		42EA596C1A2F150E00C0DD80 /* Sources */ = {
			isa = PBXSourcesBuildPhase;
			buildActionMask = 2147483647;
			files = (
				42EA59781A2F150E00C0DD80 /* InterfaceController.swift in Sources */,
				42EA597A1A2F150E00C0DD80 /* GlanceController.swift in Sources */,
			);
			runOnlyForDeploymentPostprocessing = 0;
		};
/* End PBXSourcesBuildPhase section */

/* Begin PBXTargetDependency section */
		42EA59821A2F150E00C0DD80 /* PBXTargetDependency */ = {
			isa = PBXTargetDependency;
			target = 42EA597E1A2F150E00C0DD80 /* XebiaSki Watch App */;
			targetProxy = 42EA59811A2F150E00C0DD80 /* PBXContainerItemProxy */;
		};
		42EA598B1A2F150E00C0DD80 /* PBXTargetDependency */ = {
			isa = PBXTargetDependency;
			target = 42EA596F1A2F150E00C0DD80 /* XebiaSki WatchKit Extension */;
			targetProxy = 42EA598A1A2F150E00C0DD80 /* PBXContainerItemProxy */;
		};
/* End PBXTargetDependency section */

/* Begin PBXVariantGroup section */
		42EA59501A2F13A500C0DD80 /* Main.storyboard */ = {
			isa = PBXVariantGroup;
			children = (
				42EA59511A2F13A500C0DD80 /* Base */,
			);
			name = Main.storyboard;
			sourceTree = "<group>";
		};
		42EA59551A2F13A500C0DD80 /* LaunchScreen.xib */ = {
			isa = PBXVariantGroup;
			children = (
				42EA59561A2F13A500C0DD80 /* Base */,
			);
			name = LaunchScreen.xib;
			sourceTree = "<group>";
		};
/* End PBXVariantGroup section */

/* Begin XCBuildConfiguration section */
		42EA59641A2F13A500C0DD80 /* Debug */ = {
			isa = XCBuildConfiguration;
			buildSettings = {
				ALWAYS_SEARCH_USER_PATHS = NO;
				CLANG_CXX_LANGUAGE_STANDARD = "gnu++0x";
				CLANG_CXX_LIBRARY = "libc++";
				CLANG_ENABLE_MODULES = YES;
				CLANG_ENABLE_OBJC_ARC = YES;
				CLANG_WARN_BOOL_CONVERSION = YES;
				CLANG_WARN_CONSTANT_CONVERSION = YES;
				CLANG_WARN_DIRECT_OBJC_ISA_USAGE = YES_ERROR;
				CLANG_WARN_EMPTY_BODY = YES;
				CLANG_WARN_ENUM_CONVERSION = YES;
				CLANG_WARN_INT_CONVERSION = YES;
				CLANG_WARN_OBJC_ROOT_CLASS = YES_ERROR;
				CLANG_WARN_UNREACHABLE_CODE = YES;
				CLANG_WARN__DUPLICATE_METHOD_MATCH = YES;
				"CODE_SIGN_IDENTITY[sdk=iphoneos*]" = "iPhone Developer";
				COPY_PHASE_STRIP = NO;
				ENABLE_STRICT_OBJC_MSGSEND = YES;
				GCC_C_LANGUAGE_STANDARD = gnu99;
				GCC_DYNAMIC_NO_PIC = NO;
				GCC_OPTIMIZATION_LEVEL = 0;
				GCC_PREPROCESSOR_DEFINITIONS = (
					"DEBUG=1",
					"$(inherited)",
				);
				GCC_SYMBOLS_PRIVATE_EXTERN = NO;
				GCC_WARN_64_TO_32_BIT_CONVERSION = YES;
				GCC_WARN_ABOUT_RETURN_TYPE = YES_ERROR;
				GCC_WARN_UNDECLARED_SELECTOR = YES;
				GCC_WARN_UNINITIALIZED_AUTOS = YES_AGGRESSIVE;
				GCC_WARN_UNUSED_FUNCTION = YES;
				GCC_WARN_UNUSED_VARIABLE = YES;
				IPHONEOS_DEPLOYMENT_TARGET = 8.2;
				MTL_ENABLE_DEBUG_INFO = YES;
				ONLY_ACTIVE_ARCH = YES;
				SDKROOT = iphoneos;
				SWIFT_OPTIMIZATION_LEVEL = "-Onone";
			};
			name = Debug;
		};
		42EA59651A2F13A500C0DD80 /* Release */ = {
			isa = XCBuildConfiguration;
			buildSettings = {
				ALWAYS_SEARCH_USER_PATHS = NO;
				CLANG_CXX_LANGUAGE_STANDARD = "gnu++0x";
				CLANG_CXX_LIBRARY = "libc++";
				CLANG_ENABLE_MODULES = YES;
				CLANG_ENABLE_OBJC_ARC = YES;
				CLANG_WARN_BOOL_CONVERSION = YES;
				CLANG_WARN_CONSTANT_CONVERSION = YES;
				CLANG_WARN_DIRECT_OBJC_ISA_USAGE = YES_ERROR;
				CLANG_WARN_EMPTY_BODY = YES;
				CLANG_WARN_ENUM_CONVERSION = YES;
				CLANG_WARN_INT_CONVERSION = YES;
				CLANG_WARN_OBJC_ROOT_CLASS = YES_ERROR;
				CLANG_WARN_UNREACHABLE_CODE = YES;
				CLANG_WARN__DUPLICATE_METHOD_MATCH = YES;
				"CODE_SIGN_IDENTITY[sdk=iphoneos*]" = "iPhone Developer";
				COPY_PHASE_STRIP = YES;
				ENABLE_NS_ASSERTIONS = NO;
				ENABLE_STRICT_OBJC_MSGSEND = YES;
				GCC_C_LANGUAGE_STANDARD = gnu99;
				GCC_WARN_64_TO_32_BIT_CONVERSION = YES;
				GCC_WARN_ABOUT_RETURN_TYPE = YES_ERROR;
				GCC_WARN_UNDECLARED_SELECTOR = YES;
				GCC_WARN_UNINITIALIZED_AUTOS = YES_AGGRESSIVE;
				GCC_WARN_UNUSED_FUNCTION = YES;
				GCC_WARN_UNUSED_VARIABLE = YES;
				IPHONEOS_DEPLOYMENT_TARGET = 8.2;
				MTL_ENABLE_DEBUG_INFO = NO;
				SDKROOT = iphoneos;
				VALIDATE_PRODUCT = YES;
			};
			name = Release;
		};
		42EA59671A2F13A500C0DD80 /* Debug */ = {
			isa = XCBuildConfiguration;
			buildSettings = {
				ASSETCATALOG_COMPILER_APPICON_NAME = AppIcon;
				EMBEDDED_CONTENT_CONTAINS_SWIFT = YES;
				INFOPLIST_FILE = XebiaSki/Info.plist;
				LD_RUNPATH_SEARCH_PATHS = "$(inherited) @executable_path/Frameworks";
				PRODUCT_NAME = "$(TARGET_NAME)";
			};
			name = Debug;
		};
		42EA59681A2F13A500C0DD80 /* Release */ = {
			isa = XCBuildConfiguration;
			buildSettings = {
				ASSETCATALOG_COMPILER_APPICON_NAME = AppIcon;
				EMBEDDED_CONTENT_CONTAINS_SWIFT = YES;
				INFOPLIST_FILE = XebiaSki/Info.plist;
				LD_RUNPATH_SEARCH_PATHS = "$(inherited) @executable_path/Frameworks";
				PRODUCT_NAME = "$(TARGET_NAME)";
			};
			name = Release;
		};
		42EA598E1A2F150E00C0DD80 /* Debug */ = {
			isa = XCBuildConfiguration;
			buildSettings = {
				ASSETCATALOG_COMPILER_APPICON_NAME = AppIcon;
				ASSETCATALOG_COMPILER_LAUNCHIMAGE_NAME = LaunchImage;
				GCC_PREPROCESSOR_DEFINITIONS = (
					"DEBUG=1",
					"$(inherited)",
				);
				IBSC_MODULE = XebiaSki_WatchKit_Extension;
				INFOPLIST_FILE = "XebiaSki Watch App/Info.plist";
				PRODUCT_NAME = "$(TARGET_NAME)";
				SKIP_INSTALL = YES;
				TARGETED_DEVICE_FAMILY = 4;
				"TARGETED_DEVICE_FAMILY[sdk=iphonesimulator*]" = "1,4";
			};
			name = Debug;
		};
		42EA598F1A2F150E00C0DD80 /* Release */ = {
			isa = XCBuildConfiguration;
			buildSettings = {
				ASSETCATALOG_COMPILER_APPICON_NAME = AppIcon;
				ASSETCATALOG_COMPILER_LAUNCHIMAGE_NAME = LaunchImage;
				IBSC_MODULE = XebiaSki_WatchKit_Extension;
				INFOPLIST_FILE = "XebiaSki Watch App/Info.plist";
				PRODUCT_NAME = "$(TARGET_NAME)";
				SKIP_INSTALL = YES;
				TARGETED_DEVICE_FAMILY = 4;
				"TARGETED_DEVICE_FAMILY[sdk=iphonesimulator*]" = "1,4";
			};
			name = Release;
		};
		42EA59911A2F150E00C0DD80 /* Debug */ = {
			isa = XCBuildConfiguration;
			buildSettings = {
				GCC_PREPROCESSOR_DEFINITIONS = (
					"DEBUG=1",
					"$(inherited)",
				);
				INFOPLIST_FILE = "XebiaSki WatchKit Extension/Info.plist";
				LD_RUNPATH_SEARCH_PATHS = "$(inherited) @executable_path/Frameworks @executable_path/../../Frameworks";
				PRODUCT_NAME = "${TARGET_NAME}";
				SKIP_INSTALL = YES;
			};
			name = Debug;
		};
		42EA59921A2F150E00C0DD80 /* Release */ = {
			isa = XCBuildConfiguration;
			buildSettings = {
				INFOPLIST_FILE = "XebiaSki WatchKit Extension/Info.plist";
				LD_RUNPATH_SEARCH_PATHS = "$(inherited) @executable_path/Frameworks @executable_path/../../Frameworks";
				PRODUCT_NAME = "${TARGET_NAME}";
				SKIP_INSTALL = YES;
			};
			name = Release;
		};
/* End XCBuildConfiguration section */

/* Begin XCConfigurationList section */
		42EA59421A2F13A500C0DD80 /* Build configuration list for PBXProject "XebiaSki" */ = {
			isa = XCConfigurationList;
			buildConfigurations = (
				42EA59641A2F13A500C0DD80 /* Debug */,
				42EA59651A2F13A500C0DD80 /* Release */,
			);
			defaultConfigurationIsVisible = 0;
			defaultConfigurationName = Release;
		};
		42EA59661A2F13A500C0DD80 /* Build configuration list for PBXNativeTarget "XebiaSki" */ = {
			isa = XCConfigurationList;
			buildConfigurations = (
				42EA59671A2F13A500C0DD80 /* Debug */,
				42EA59681A2F13A500C0DD80 /* Release */,
			);
			defaultConfigurationIsVisible = 0;
		};
		42EA598D1A2F150E00C0DD80 /* Build configuration list for PBXNativeTarget "XebiaSki Watch App" */ = {
			isa = XCConfigurationList;
			buildConfigurations = (
				42EA598E1A2F150E00C0DD80 /* Debug */,
				42EA598F1A2F150E00C0DD80 /* Release */,
			);
			defaultConfigurationIsVisible = 0;
		};
		42EA59901A2F150E00C0DD80 /* Build configuration list for PBXNativeTarget "XebiaSki WatchKit Extension" */ = {
			isa = XCConfigurationList;
			buildConfigurations = (
				42EA59911A2F150E00C0DD80 /* Debug */,
				42EA59921A2F150E00C0DD80 /* Release */,
			);
			defaultConfigurationIsVisible = 0;
		};
/* End XCConfigurationList section */
	};
	rootObject = 42EA593F1A2F13A400C0DD80 /* Project object */;
}
